
Microsoft Visual Studio Solution File, Format Version 12.00
# Visual Studio 15
VisualStudioVersion = 15.0.27703.2035
MinimumVisualStudioVersion = 10.0.40219.1
Project("{D954291E-2A0B-460D-934E-DC6B0785DB48}") = "Hearn.MonoGame", "Hearn.MonoGame\Hearn.MonoGame.shproj", "{8305C0A6-A341-491A-A447-86F6BDAABA34}"
EndProject
Project("{FAE04EC0-301F-11D3-BF4B-00C04F79EFBC}") = "CircleCollision", "Demos\CircleCollision\CircleCollision.csproj", "{F87927F3-A409-41CA-B99D-AD0AD3817EED}"
EndProject
Project("{2150E333-8FDC-42A3-9474-1A3956D46DE8}") = "Demos", "Demos", "{88844D34-5E3E-41F6-86C8-C4ECE49C4752}"
EndProject
Project("{2150E333-8FDC-42A3-9474-1A3956D46DE8}") = "Packages", "Packages", "{092A2EF3-5C1C-45FD-8225-1E5F106D8A67}"
	ProjectSection(SolutionItems) = preProject
		Demos\Packages\LilyPath.dll = Demos\Packages\LilyPath.dll
	EndProjectSection
EndProject
Project("{FAE04EC0-301F-11D3-BF4B-00C04F79EFBC}") = "LineCollision", "Demos\LineCollision\LineCollision.csproj", "{D8D7919F-EADE-478D-825C-98F1BFCBF481}"
EndProject
Project("{FAE04EC0-301F-11D3-BF4B-00C04F79EFBC}") = "TriangleCollision", "Demos\TriangleCollision\TriangleCollision.csproj", "{C46AB46F-D1F4-4AF3-BCF1-C88991135FF7}"
EndProject
Project("{FAE04EC0-301F-11D3-BF4B-00C04F79EFBC}") = "RectangleCollision", "Demos\RectangleCollision\RectangleCollision.csproj", "{CBE3AF90-D6C5-4DA9-9E98-07E85C8F8FFB}"
EndProject
Project("{2150E333-8FDC-42A3-9474-1A3956D46DE8}") = "Libs", "Libs", "{34E08E25-13FB-45B8-95A2-1CBA5B8F6359}"
EndProject
Project("{FAE04EC0-301F-11D3-BF4B-00C04F79EFBC}") = "Hearn.MonoGame", "Libs\Windows\Hearn.MonoGame\Hearn.MonoGame.csproj", "{CF8584CC-E1BF-4697-8C3D-5A6EFD2E4FEC}"
EndProject
Project("{2150E333-8FDC-42A3-9474-1A3956D46DE8}") = "Windows", "Windows", "{4273FEBE-C084-47F5-A14A-9221092BFBCA}"
EndProject
Project("{FAE04EC0-301F-11D3-BF4B-00C04F79EFBC}") = "CircleLineCollision", "Demos\CircleLineCollision\CircleLineCollision.csproj", "{794A8A38-F6F7-4F6A-969C-C5A1251F80E3}"
EndProject
Project("{FAE04EC0-301F-11D3-BF4B-00C04F79EFBC}") = "CirclePolygonCollision", "Demos\CirclePolygonCollision\CirclePolygonCollision.csproj", "{55F1CBBA-4B40-4E28-B8FD-08636E4421D6}"
EndProject
Project("{FAE04EC0-301F-11D3-BF4B-00C04F79EFBC}") = "InverseKinematics", "Demos\InverseKinematics\InverseKinematics.csproj", "{6AFAC3DF-2CBA-45C1-B0F3-2097383CE96A}"
EndProject
Project("{FAE04EC0-301F-11D3-BF4B-00C04F79EFBC}") = "SimpleHarmonicMotion", "Demos\SimpleHarmonicMotion\SimpleHarmonicMotion.csproj", "{9E1CA286-FEF6-4190-8E83-E6D08A60C88A}"
EndProject
Project("{FAE04EC0-301F-11D3-BF4B-00C04F79EFBC}") = "DampedHarmonicMotion", "Demos\DampedHarmonicMotion\DampedHarmonicMotion.csproj", "{08366E79-E99D-4C68-BCC1-1EEDB620550D}"
EndProject
Project("{FAE04EC0-301F-11D3-BF4B-00C04F79EFBC}") = "BezierCurves", "Demos\BezierCurves\BezierCurves.csproj", "{274CE09D-AF69-4ADE-8035-43E7EB0371A8}"
EndProject
Global
	GlobalSection(SharedMSBuildProjectFiles) = preSolution
		Hearn.MonoGame\Hearn.MonoGame.projitems*{08366e79-e99d-4c68-bcc1-1eedb620550d}*SharedItemsImports = 4
		Hearn.MonoGame\Hearn.MonoGame.projitems*{8305c0a6-a341-491a-a447-86f6bdaaba34}*SharedItemsImports = 13
		Hearn.MonoGame\Hearn.MonoGame.projitems*{9e1ca286-fef6-4190-8e83-e6d08a60c88a}*SharedItemsImports = 4
		Hearn.MonoGame\Hearn.MonoGame.projitems*{cf8584cc-e1bf-4697-8c3d-5a6efd2e4fec}*SharedItemsImports = 4
	EndGlobalSection
	GlobalSection(SolutionConfigurationPlatforms) = preSolution
		Debug|Any CPU = Debug|Any CPU
		Debug|x86 = Debug|x86
		Release|Any CPU = Release|Any CPU
		Release|x86 = Release|x86
	EndGlobalSection
	GlobalSection(ProjectConfigurationPlatforms) = postSolution
		{F87927F3-A409-41CA-B99D-AD0AD3817EED}.Debug|Any CPU.ActiveCfg = Debug|x86
		{F87927F3-A409-41CA-B99D-AD0AD3817EED}.Debug|x86.ActiveCfg = Debug|x86
		{F87927F3-A409-41CA-B99D-AD0AD3817EED}.Debug|x86.Build.0 = Debug|x86
		{F87927F3-A409-41CA-B99D-AD0AD3817EED}.Release|Any CPU.ActiveCfg = Release|x86
		{F87927F3-A409-41CA-B99D-AD0AD3817EED}.Release|x86.ActiveCfg = Release|x86
		{F87927F3-A409-41CA-B99D-AD0AD3817EED}.Release|x86.Build.0 = Release|x86
		{D8D7919F-EADE-478D-825C-98F1BFCBF481}.Debug|Any CPU.ActiveCfg = Debug|x86
		{D8D7919F-EADE-478D-825C-98F1BFCBF481}.Debug|x86.ActiveCfg = Debug|x86
		{D8D7919F-EADE-478D-825C-98F1BFCBF481}.Debug|x86.Build.0 = Debug|x86
		{D8D7919F-EADE-478D-825C-98F1BFCBF481}.Release|Any CPU.ActiveCfg = Release|x86
		{D8D7919F-EADE-478D-825C-98F1BFCBF481}.Release|x86.ActiveCfg = Release|x86
		{D8D7919F-EADE-478D-825C-98F1BFCBF481}.Release|x86.Build.0 = Release|x86
		{C46AB46F-D1F4-4AF3-BCF1-C88991135FF7}.Debug|Any CPU.ActiveCfg = Debug|x86
		{C46AB46F-D1F4-4AF3-BCF1-C88991135FF7}.Debug|x86.ActiveCfg = Debug|x86
		{C46AB46F-D1F4-4AF3-BCF1-C88991135FF7}.Debug|x86.Build.0 = Debug|x86
		{C46AB46F-D1F4-4AF3-BCF1-C88991135FF7}.Release|Any CPU.ActiveCfg = Release|x86
		{C46AB46F-D1F4-4AF3-BCF1-C88991135FF7}.Release|x86.ActiveCfg = Release|x86
		{C46AB46F-D1F4-4AF3-BCF1-C88991135FF7}.Release|x86.Build.0 = Release|x86
		{CBE3AF90-D6C5-4DA9-9E98-07E85C8F8FFB}.Debug|Any CPU.ActiveCfg = Debug|x86
		{CBE3AF90-D6C5-4DA9-9E98-07E85C8F8FFB}.Debug|x86.ActiveCfg = Debug|x86
		{CBE3AF90-D6C5-4DA9-9E98-07E85C8F8FFB}.Debug|x86.Build.0 = Debug|x86
		{CBE3AF90-D6C5-4DA9-9E98-07E85C8F8FFB}.Release|Any CPU.ActiveCfg = Release|x86
		{CBE3AF90-D6C5-4DA9-9E98-07E85C8F8FFB}.Release|x86.ActiveCfg = Release|x86
		{CBE3AF90-D6C5-4DA9-9E98-07E85C8F8FFB}.Release|x86.Build.0 = Release|x86
		{CF8584CC-E1BF-4697-8C3D-5A6EFD2E4FEC}.Debug|Any CPU.ActiveCfg = Debug|Any CPU
		{CF8584CC-E1BF-4697-8C3D-5A6EFD2E4FEC}.Debug|Any CPU.Build.0 = Debug|Any CPU
		{CF8584CC-E1BF-4697-8C3D-5A6EFD2E4FEC}.Debug|x86.ActiveCfg = Debug|Any CPU
		{CF8584CC-E1BF-4697-8C3D-5A6EFD2E4FEC}.Debug|x86.Build.0 = Debug|Any CPU
		{CF8584CC-E1BF-4697-8C3D-5A6EFD2E4FEC}.Release|Any CPU.ActiveCfg = Release|Any CPU
		{CF8584CC-E1BF-4697-8C3D-5A6EFD2E4FEC}.Release|Any CPU.Build.0 = Release|Any CPU
		{CF8584CC-E1BF-4697-8C3D-5A6EFD2E4FEC}.Release|x86.ActiveCfg = Release|Any CPU
		{CF8584CC-E1BF-4697-8C3D-5A6EFD2E4FEC}.Release|x86.Build.0 = Release|Any CPU
		{794A8A38-F6F7-4F6A-969C-C5A1251F80E3}.Debug|Any CPU.ActiveCfg = Debug|x86
		{794A8A38-F6F7-4F6A-969C-C5A1251F80E3}.Debug|x86.ActiveCfg = Debug|x86
		{794A8A38-F6F7-4F6A-969C-C5A1251F80E3}.Debug|x86.Build.0 = Debug|x86
		{794A8A38-F6F7-4F6A-969C-C5A1251F80E3}.Release|Any CPU.ActiveCfg = Release|x86
		{794A8A38-F6F7-4F6A-969C-C5A1251F80E3}.Release|x86.ActiveCfg = Release|x86
		{794A8A38-F6F7-4F6A-969C-C5A1251F80E3}.Release|x86.Build.0 = Release|x86
		{55F1CBBA-4B40-4E28-B8FD-08636E4421D6}.Debug|Any CPU.ActiveCfg = Debug|x86
		{55F1CBBA-4B40-4E28-B8FD-08636E4421D6}.Debug|x86.ActiveCfg = Debug|x86
		{55F1CBBA-4B40-4E28-B8FD-08636E4421D6}.Debug|x86.Build.0 = Debug|x86
		{55F1CBBA-4B40-4E28-B8FD-08636E4421D6}.Release|Any CPU.ActiveCfg = Release|x86
		{55F1CBBA-4B40-4E28-B8FD-08636E4421D6}.Release|x86.ActiveCfg = Release|x86
		{55F1CBBA-4B40-4E28-B8FD-08636E4421D6}.Release|x86.Build.0 = Release|x86
		{6AFAC3DF-2CBA-45C1-B0F3-2097383CE96A}.Debug|Any CPU.ActiveCfg = Debug|x86
		{6AFAC3DF-2CBA-45C1-B0F3-2097383CE96A}.Debug|x86.ActiveCfg = Debug|x86
		{6AFAC3DF-2CBA-45C1-B0F3-2097383CE96A}.Debug|x86.Build.0 = Debug|x86
		{6AFAC3DF-2CBA-45C1-B0F3-2097383CE96A}.Release|Any CPU.ActiveCfg = Release|x86
		{6AFAC3DF-2CBA-45C1-B0F3-2097383CE96A}.Release|x86.ActiveCfg = Release|x86
		{6AFAC3DF-2CBA-45C1-B0F3-2097383CE96A}.Release|x86.Build.0 = Release|x86
		{9E1CA286-FEF6-4190-8E83-E6D08A60C88A}.Debug|Any CPU.ActiveCfg = Debug|x86
		{9E1CA286-FEF6-4190-8E83-E6D08A60C88A}.Debug|x86.ActiveCfg = Debug|x86
		{9E1CA286-FEF6-4190-8E83-E6D08A60C88A}.Debug|x86.Build.0 = Debug|x86
		{9E1CA286-FEF6-4190-8E83-E6D08A60C88A}.Release|Any CPU.ActiveCfg = Release|x86
		{9E1CA286-FEF6-4190-8E83-E6D08A60C88A}.Release|x86.ActiveCfg = Release|x86
		{9E1CA286-FEF6-4190-8E83-E6D08A60C88A}.Release|x86.Build.0 = Release|x86
		{08366E79-E99D-4C68-BCC1-1EEDB620550D}.Debug|Any CPU.ActiveCfg = Debug|x86
		{08366E79-E99D-4C68-BCC1-1EEDB620550D}.Debug|x86.ActiveCfg = Debug|x86
		{08366E79-E99D-4C68-BCC1-1EEDB620550D}.Debug|x86.Build.0 = Debug|x86
		{08366E79-E99D-4C68-BCC1-1EEDB620550D}.Release|Any CPU.ActiveCfg = Release|x86
		{08366E79-E99D-4C68-BCC1-1EEDB620550D}.Release|x86.ActiveCfg = Release|x86
		{08366E79-E99D-4C68-BCC1-1EEDB620550D}.Release|x86.Build.0 = Release|x86
		{274CE09D-AF69-4ADE-8035-43E7EB0371A8}.Debug|Any CPU.ActiveCfg = Debug|x86
		{274CE09D-AF69-4ADE-8035-43E7EB0371A8}.Debug|x86.ActiveCfg = Debug|x86
		{274CE09D-AF69-4ADE-8035-43E7EB0371A8}.Debug|x86.Build.0 = Debug|x86
		{274CE09D-AF69-4ADE-8035-43E7EB0371A8}.Release|Any CPU.ActiveCfg = Release|x86
		{274CE09D-AF69-4ADE-8035-43E7EB0371A8}.Release|x86.ActiveCfg = Release|x86
		{274CE09D-AF69-4ADE-8035-43E7EB0371A8}.Release|x86.Build.0 = Release|x86
	EndGlobalSection
	GlobalSection(SolutionProperties) = preSolution
		HideSolutionNode = FALSE
	EndGlobalSection
	GlobalSection(NestedProjects) = preSolution
		{F87927F3-A409-41CA-B99D-AD0AD3817EED} = {88844D34-5E3E-41F6-86C8-C4ECE49C4752}
		{092A2EF3-5C1C-45FD-8225-1E5F106D8A67} = {88844D34-5E3E-41F6-86C8-C4ECE49C4752}
		{D8D7919F-EADE-478D-825C-98F1BFCBF481} = {88844D34-5E3E-41F6-86C8-C4ECE49C4752}
		{C46AB46F-D1F4-4AF3-BCF1-C88991135FF7} = {88844D34-5E3E-41F6-86C8-C4ECE49C4752}
		{CBE3AF90-D6C5-4DA9-9E98-07E85C8F8FFB} = {88844D34-5E3E-41F6-86C8-C4ECE49C4752}
		{CF8584CC-E1BF-4697-8C3D-5A6EFD2E4FEC} = {4273FEBE-C084-47F5-A14A-9221092BFBCA}
		{4273FEBE-C084-47F5-A14A-9221092BFBCA} = {34E08E25-13FB-45B8-95A2-1CBA5B8F6359}
		{794A8A38-F6F7-4F6A-969C-C5A1251F80E3} = {88844D34-5E3E-41F6-86C8-C4ECE49C4752}
		{55F1CBBA-4B40-4E28-B8FD-08636E4421D6} = {88844D34-5E3E-41F6-86C8-C4ECE49C4752}
		{6AFAC3DF-2CBA-45C1-B0F3-2097383CE96A} = {88844D34-5E3E-41F6-86C8-C4ECE49C4752}
		{9E1CA286-FEF6-4190-8E83-E6D08A60C88A} = {88844D34-5E3E-41F6-86C8-C4ECE49C4752}
		{08366E79-E99D-4C68-BCC1-1EEDB620550D} = {88844D34-5E3E-41F6-86C8-C4ECE49C4752}
		{274CE09D-AF69-4ADE-8035-43E7EB0371A8} = {88844D34-5E3E-41F6-86C8-C4ECE49C4752}
	EndGlobalSection
	GlobalSection(ExtensibilityGlobals) = postSolution
		SolutionGuid = {F761F500-51C3-4521-8B69-C210C8120613}
	EndGlobalSection
EndGlobal
